// !$*UTF8*$!
{
	archiveVersion = 1;
	classes = {
	};
	objectVersion = 51;
	objects = {

/* Begin PBXBuildFile section */
		22A0553A26AB946B00338EF1 /* AppDelegate.swift in Sources */ = {isa = PBXBuildFile; fileRef = 22A0553926AB946B00338EF1 /* AppDelegate.swift */; };
		22A0553C26AB946B00338EF1 /* SceneDelegate.swift in Sources */ = {isa = PBXBuildFile; fileRef = 22A0553B26AB946B00338EF1 /* SceneDelegate.swift */; };
		22A0553E26AB946B00338EF1 /* ViewController.swift in Sources */ = {isa = PBXBuildFile; fileRef = 22A0553D26AB946B00338EF1 /* ViewController.swift */; };
		22A0554126AB946B00338EF1 /* Main.storyboard in Resources */ = {isa = PBXBuildFile; fileRef = 22A0553F26AB946B00338EF1 /* Main.storyboard */; };
		22A0554326AB946D00338EF1 /* Assets.xcassets in Resources */ = {isa = PBXBuildFile; fileRef = 22A0554226AB946D00338EF1 /* Assets.xcassets */; };
		22A0554626AB946D00338EF1 /* LaunchScreen.storyboard in Resources */ = {isa = PBXBuildFile; fileRef = 22A0554426AB946D00338EF1 /* LaunchScreen.storyboard */; };
		22A0555126AB946D00338EF1 /* PetAppTests.swift in Sources */ = {isa = PBXBuildFile; fileRef = 22A0555026AB946D00338EF1 /* PetAppTests.swift */; };
		22A0555C26AB946D00338EF1 /* PetAppUITests.swift in Sources */ = {isa = PBXBuildFile; fileRef = 22A0555B26AB946D00338EF1 /* PetAppUITests.swift */; };
		22A0556C26AB97EB00338EF1 /* FinniversKit.framework in Frameworks */ = {isa = PBXBuildFile; fileRef = 22A0556B26AB97EB00338EF1 /* FinniversKit.framework */; };
		22A0557026AB983300338EF1 /* LoginViewDefaultData.swift in Sources */ = {isa = PBXBuildFile; fileRef = 22A0556F26AB983300338EF1 /* LoginViewDefaultData.swift */; };
/* End PBXBuildFile section */

/* Begin PBXContainerItemProxy section */
		22A0554D26AB946D00338EF1 /* PBXContainerItemProxy */ = {
			isa = PBXContainerItemProxy;
			containerPortal = 22A0552E26AB946B00338EF1 /* Project object */;
			proxyType = 1;
			remoteGlobalIDString = 22A0553526AB946B00338EF1;
			remoteInfo = PetApp;
		};
		22A0555826AB946D00338EF1 /* PBXContainerItemProxy */ = {
			isa = PBXContainerItemProxy;
			containerPortal = 22A0552E26AB946B00338EF1 /* Project object */;
			proxyType = 1;
			remoteGlobalIDString = 22A0553526AB946B00338EF1;
			remoteInfo = PetApp;
		};
/* End PBXContainerItemProxy section */

/* Begin PBXFileReference section */
		22A0553626AB946B00338EF1 /* PetApp.app */ = {isa = PBXFileReference; explicitFileType = wrapper.application; includeInIndex = 0; path = PetApp.app; sourceTree = BUILT_PRODUCTS_DIR; };
		22A0553926AB946B00338EF1 /* AppDelegate.swift */ = {isa = PBXFileReference; lastKnownFileType = sourcecode.swift; path = AppDelegate.swift; sourceTree = "<group>"; };
		22A0553B26AB946B00338EF1 /* SceneDelegate.swift */ = {isa = PBXFileReference; lastKnownFileType = sourcecode.swift; path = SceneDelegate.swift; sourceTree = "<group>"; };
		22A0553D26AB946B00338EF1 /* ViewController.swift */ = {isa = PBXFileReference; lastKnownFileType = sourcecode.swift; path = ViewController.swift; sourceTree = "<group>"; };
		22A0554026AB946B00338EF1 /* Base */ = {isa = PBXFileReference; lastKnownFileType = file.storyboard; name = Base; path = Base.lproj/Main.storyboard; sourceTree = "<group>"; };
		22A0554226AB946D00338EF1 /* Assets.xcassets */ = {isa = PBXFileReference; lastKnownFileType = folder.assetcatalog; path = Assets.xcassets; sourceTree = "<group>"; };
		22A0554526AB946D00338EF1 /* Base */ = {isa = PBXFileReference; lastKnownFileType = file.storyboard; name = Base; path = Base.lproj/LaunchScreen.storyboard; sourceTree = "<group>"; };
		22A0554726AB946D00338EF1 /* Info.plist */ = {isa = PBXFileReference; lastKnownFileType = text.plist.xml; path = Info.plist; sourceTree = "<group>"; };
		22A0554C26AB946D00338EF1 /* PetAppTests.xctest */ = {isa = PBXFileReference; explicitFileType = wrapper.cfbundle; includeInIndex = 0; path = PetAppTests.xctest; sourceTree = BUILT_PRODUCTS_DIR; };
		22A0555026AB946D00338EF1 /* PetAppTests.swift */ = {isa = PBXFileReference; lastKnownFileType = sourcecode.swift; path = PetAppTests.swift; sourceTree = "<group>"; };
		22A0555226AB946D00338EF1 /* Info.plist */ = {isa = PBXFileReference; lastKnownFileType = text.plist.xml; path = Info.plist; sourceTree = "<group>"; };
		22A0555726AB946D00338EF1 /* PetAppUITests.xctest */ = {isa = PBXFileReference; explicitFileType = wrapper.cfbundle; includeInIndex = 0; path = PetAppUITests.xctest; sourceTree = BUILT_PRODUCTS_DIR; };
		22A0555B26AB946D00338EF1 /* PetAppUITests.swift */ = {isa = PBXFileReference; lastKnownFileType = sourcecode.swift; path = PetAppUITests.swift; sourceTree = "<group>"; };
		22A0555D26AB946D00338EF1 /* Info.plist */ = {isa = PBXFileReference; lastKnownFileType = text.plist.xml; path = Info.plist; sourceTree = "<group>"; };
		22A0556B26AB97EB00338EF1 /* FinniversKit.framework */ = {isa = PBXFileReference; lastKnownFileType = wrapper.framework; name = FinniversKit.framework; path = Carthage/Build/iOS/FinniversKit.framework; sourceTree = "<group>"; };
		22A0556F26AB983300338EF1 /* LoginViewDefaultData.swift */ = {isa = PBXFileReference; lastKnownFileType = sourcecode.swift; path = LoginViewDefaultData.swift; sourceTree = "<group>"; };
/* End PBXFileReference section */

/* Begin PBXFrameworksBuildPhase section */
		22A0553326AB946B00338EF1 /* Frameworks */ = {
			isa = PBXFrameworksBuildPhase;
			buildActionMask = 2147483647;
			files = (
				22A0556C26AB97EB00338EF1 /* FinniversKit.framework in Frameworks */,
			);
			runOnlyForDeploymentPostprocessing = 0;
		};
		22A0554926AB946D00338EF1 /* Frameworks */ = {
			isa = PBXFrameworksBuildPhase;
			buildActionMask = 2147483647;
			files = (
			);
			runOnlyForDeploymentPostprocessing = 0;
		};
		22A0555426AB946D00338EF1 /* Frameworks */ = {
			isa = PBXFrameworksBuildPhase;
			buildActionMask = 2147483647;
			files = (
			);
			runOnlyForDeploymentPostprocessing = 0;
		};
/* End PBXFrameworksBuildPhase section */

/* Begin PBXGroup section */
		22A0552D26AB946B00338EF1 = {
			isa = PBXGroup;
			children = (
				22A0553826AB946B00338EF1 /* PetApp */,
				22A0554F26AB946D00338EF1 /* PetAppTests */,
				22A0555A26AB946D00338EF1 /* PetAppUITests */,
				22A0553726AB946B00338EF1 /* Products */,
				22A0556A26AB97EB00338EF1 /* Frameworks */,
			);
			sourceTree = "<group>";
		};
		22A0553726AB946B00338EF1 /* Products */ = {
			isa = PBXGroup;
			children = (
				22A0553626AB946B00338EF1 /* PetApp.app */,
				22A0554C26AB946D00338EF1 /* PetAppTests.xctest */,
				22A0555726AB946D00338EF1 /* PetAppUITests.xctest */,
			);
			name = Products;
			sourceTree = "<group>";
		};
		22A0553826AB946B00338EF1 /* PetApp */ = {
			isa = PBXGroup;
			children = (
				22A0553926AB946B00338EF1 /* AppDelegate.swift */,
				22A0553B26AB946B00338EF1 /* SceneDelegate.swift */,
				22A0553D26AB946B00338EF1 /* ViewController.swift */,
				22A0553F26AB946B00338EF1 /* Main.storyboard */,
				22A0554226AB946D00338EF1 /* Assets.xcassets */,
				22A0554426AB946D00338EF1 /* LaunchScreen.storyboard */,
				22A0554726AB946D00338EF1 /* Info.plist */,
				22A0556F26AB983300338EF1 /* LoginViewDefaultData.swift */,
			);
			path = PetApp;
			sourceTree = "<group>";
		};
		22A0554F26AB946D00338EF1 /* PetAppTests */ = {
			isa = PBXGroup;
			children = (
				22A0555026AB946D00338EF1 /* PetAppTests.swift */,
				22A0555226AB946D00338EF1 /* Info.plist */,
			);
			path = PetAppTests;
			sourceTree = "<group>";
		};
		22A0555A26AB946D00338EF1 /* PetAppUITests */ = {
			isa = PBXGroup;
			children = (
				22A0555B26AB946D00338EF1 /* PetAppUITests.swift */,
				22A0555D26AB946D00338EF1 /* Info.plist */,
			);
			path = PetAppUITests;
			sourceTree = "<group>";
		};
		22A0556A26AB97EB00338EF1 /* Frameworks */ = {
			isa = PBXGroup;
			children = (
				22A0556B26AB97EB00338EF1 /* FinniversKit.framework */,
			);
			name = Frameworks;
			sourceTree = "<group>";
		};
/* End PBXGroup section */

/* Begin PBXNativeTarget section */
		22A0553526AB946B00338EF1 /* PetApp */ = {
			isa = PBXNativeTarget;
			buildConfigurationList = 22A0556026AB946D00338EF1 /* Build configuration list for PBXNativeTarget "PetApp" */;
			buildPhases = (
				22A0553226AB946B00338EF1 /* Sources */,
				22A0553326AB946B00338EF1 /* Frameworks */,
				22A0553426AB946B00338EF1 /* Resources */,
				22A0556926AB979B00338EF1 /* Carthage */,
			);
			buildRules = (
			);
			dependencies = (
			);
			name = PetApp;
			productName = PetApp;
			productReference = 22A0553626AB946B00338EF1 /* PetApp.app */;
			productType = "com.apple.product-type.application";
		};
		22A0554B26AB946D00338EF1 /* PetAppTests */ = {
			isa = PBXNativeTarget;
			buildConfigurationList = 22A0556326AB946D00338EF1 /* Build configuration list for PBXNativeTarget "PetAppTests" */;
			buildPhases = (
				22A0554826AB946D00338EF1 /* Sources */,
				22A0554926AB946D00338EF1 /* Frameworks */,
				22A0554A26AB946D00338EF1 /* Resources */,
			);
			buildRules = (
			);
			dependencies = (
				22A0554E26AB946D00338EF1 /* PBXTargetDependency */,
			);
			name = PetAppTests;
			productName = PetAppTests;
			productReference = 22A0554C26AB946D00338EF1 /* PetAppTests.xctest */;
			productType = "com.apple.product-type.bundle.unit-test";
		};
		22A0555626AB946D00338EF1 /* PetAppUITests */ = {
			isa = PBXNativeTarget;
			buildConfigurationList = 22A0556626AB946D00338EF1 /* Build configuration list for PBXNativeTarget "PetAppUITests" */;
			buildPhases = (
				22A0555326AB946D00338EF1 /* Sources */,
				22A0555426AB946D00338EF1 /* Frameworks */,
				22A0555526AB946D00338EF1 /* Resources */,
			);
			buildRules = (
			);
			dependencies = (
				22A0555926AB946D00338EF1 /* PBXTargetDependency */,
			);
			name = PetAppUITests;
			productName = PetAppUITests;
			productReference = 22A0555726AB946D00338EF1 /* PetAppUITests.xctest */;
			productType = "com.apple.product-type.bundle.ui-testing";
		};
/* End PBXNativeTarget section */

/* Begin PBXProject section */
		22A0552E26AB946B00338EF1 /* Project object */ = {
			isa = PBXProject;
			attributes = {
				LastSwiftUpdateCheck = 1250;
				LastUpgradeCheck = 1250;
				TargetAttributes = {
					22A0553526AB946B00338EF1 = {
						CreatedOnToolsVersion = 12.5.1;
					};
					22A0554B26AB946D00338EF1 = {
						CreatedOnToolsVersion = 12.5.1;
						TestTargetID = 22A0553526AB946B00338EF1;
					};
					22A0555626AB946D00338EF1 = {
						CreatedOnToolsVersion = 12.5.1;
						TestTargetID = 22A0553526AB946B00338EF1;
					};
				};
			};
			buildConfigurationList = 22A0553126AB946B00338EF1 /* Build configuration list for PBXProject "PetApp" */;
			compatibilityVersion = "Xcode 9.3";
			developmentRegion = en;
			hasScannedForEncodings = 0;
			knownRegions = (
				en,
				Base,
			);
			mainGroup = 22A0552D26AB946B00338EF1;
			productRefGroup = 22A0553726AB946B00338EF1 /* Products */;
			projectDirPath = "";
			projectRoot = "";
			targets = (
				22A0553526AB946B00338EF1 /* PetApp */,
				22A0554B26AB946D00338EF1 /* PetAppTests */,
				22A0555626AB946D00338EF1 /* PetAppUITests */,
			);
		};
/* End PBXProject section */

/* Begin PBXResourcesBuildPhase section */
		22A0553426AB946B00338EF1 /* Resources */ = {
			isa = PBXResourcesBuildPhase;
			buildActionMask = 2147483647;
			files = (
				22A0554626AB946D00338EF1 /* LaunchScreen.storyboard in Resources */,
				22A0554326AB946D00338EF1 /* Assets.xcassets in Resources */,
				22A0554126AB946B00338EF1 /* Main.storyboard in Resources */,
			);
			runOnlyForDeploymentPostprocessing = 0;
		};
		22A0554A26AB946D00338EF1 /* Resources */ = {
			isa = PBXResourcesBuildPhase;
			buildActionMask = 2147483647;
			files = (
			);
			runOnlyForDeploymentPostprocessing = 0;
		};
		22A0555526AB946D00338EF1 /* Resources */ = {
			isa = PBXResourcesBuildPhase;
			buildActionMask = 2147483647;
			files = (
			);
			runOnlyForDeploymentPostprocessing = 0;
		};
/* End PBXResourcesBuildPhase section */

/* Begin PBXShellScriptBuildPhase section */
		22A0556926AB979B00338EF1 /* Carthage */ = {
			isa = PBXShellScriptBuildPhase;
			buildActionMask = 2147483647;
			files = (
			);
			inputFileListPaths = (
				"$(SRCROOT)/input.xcfilelist",
			);
			inputPaths = (
			);
			name = Carthage;
			outputFileListPaths = (
				"$(SRCROOT)/output.xcfilelist",
			);
			outputPaths = (
			);
			runOnlyForDeploymentPostprocessing = 0;
			shellPath = /bin/sh;
			shellScript = "/usr/local/bin/carthage copy-frameworks\n";
		};
/* End PBXShellScriptBuildPhase section */

/* Begin PBXSourcesBuildPhase section */
		22A0553226AB946B00338EF1 /* Sources */ = {
			isa = PBXSourcesBuildPhase;
			buildActionMask = 2147483647;
			files = (
				22A0557026AB983300338EF1 /* LoginViewDefaultData.swift in Sources */,
				22A0553E26AB946B00338EF1 /* ViewController.swift in Sources */,
				22A0553A26AB946B00338EF1 /* AppDelegate.swift in Sources */,
				22A0553C26AB946B00338EF1 /* SceneDelegate.swift in Sources */,
			);
			runOnlyForDeploymentPostprocessing = 0;
		};
		22A0554826AB946D00338EF1 /* Sources */ = {
			isa = PBXSourcesBuildPhase;
			buildActionMask = 2147483647;
			files = (
				22A0555126AB946D00338EF1 /* PetAppTests.swift in Sources */,
			);
			runOnlyForDeploymentPostprocessing = 0;
		};
		22A0555326AB946D00338EF1 /* Sources */ = {
			isa = PBXSourcesBuildPhase;
			buildActionMask = 2147483647;
			files = (
				22A0555C26AB946D00338EF1 /* PetAppUITests.swift in Sources */,
			);
			runOnlyForDeploymentPostprocessing = 0;
		};
/* End PBXSourcesBuildPhase section */

/* Begin PBXTargetDependency section */
		22A0554E26AB946D00338EF1 /* PBXTargetDependency */ = {
			isa = PBXTargetDependency;
			target = 22A0553526AB946B00338EF1 /* PetApp */;
			targetProxy = 22A0554D26AB946D00338EF1 /* PBXContainerItemProxy */;
		};
		22A0555926AB946D00338EF1 /* PBXTargetDependency */ = {
			isa = PBXTargetDependency;
			target = 22A0553526AB946B00338EF1 /* PetApp */;
			targetProxy = 22A0555826AB946D00338EF1 /* PBXContainerItemProxy */;
		};
/* End PBXTargetDependency section */

/* Begin PBXVariantGroup section */
		22A0553F26AB946B00338EF1 /* Main.storyboard */ = {
			isa = PBXVariantGroup;
			children = (
				22A0554026AB946B00338EF1 /* Base */,
			);
			name = Main.storyboard;
			sourceTree = "<group>";
		};
		22A0554426AB946D00338EF1 /* LaunchScreen.storyboard */ = {
			isa = PBXVariantGroup;
			children = (
				22A0554526AB946D00338EF1 /* Base */,
			);
			name = LaunchScreen.storyboard;
			sourceTree = "<group>";
		};
/* End PBXVariantGroup section */

/* Begin XCBuildConfiguration section */
		22A0555E26AB946D00338EF1 /* Debug */ = {
			isa = XCBuildConfiguration;
			buildSettings = {
				ALWAYS_SEARCH_USER_PATHS = NO;
				CLANG_ANALYZER_NONNULL = YES;
				CLANG_ANALYZER_NUMBER_OBJECT_CONVERSION = YES_AGGRESSIVE;
				CLANG_CXX_LANGUAGE_STANDARD = "gnu++14";
				CLANG_CXX_LIBRARY = "libc++";
				CLANG_ENABLE_MODULES = YES;
				CLANG_ENABLE_OBJC_ARC = YES;
				CLANG_ENABLE_OBJC_WEAK = YES;
				CLANG_WARN_BLOCK_CAPTURE_AUTORELEASING = YES;
				CLANG_WARN_BOOL_CONVERSION = YES;
				CLANG_WARN_COMMA = YES;
				CLANG_WARN_CONSTANT_CONVERSION = YES;
				CLANG_WARN_DEPRECATED_OBJC_IMPLEMENTATIONS = YES;
				CLANG_WARN_DIRECT_OBJC_ISA_USAGE = YES_ERROR;
				CLANG_WARN_DOCUMENTATION_COMMENTS = YES;
				CLANG_WARN_EMPTY_BODY = YES;
				CLANG_WARN_ENUM_CONVERSION = YES;
				CLANG_WARN_INFINITE_RECURSION = YES;
				CLANG_WARN_INT_CONVERSION = YES;
				CLANG_WARN_NON_LITERAL_NULL_CONVERSION = YES;
				CLANG_WARN_OBJC_IMPLICIT_RETAIN_SELF = YES;
				CLANG_WARN_OBJC_LITERAL_CONVERSION = YES;
				CLANG_WARN_OBJC_ROOT_CLASS = YES_ERROR;
				CLANG_WARN_QUOTED_INCLUDE_IN_FRAMEWORK_HEADER = YES;
				CLANG_WARN_RANGE_LOOP_ANALYSIS = YES;
				CLANG_WARN_STRICT_PROTOTYPES = YES;
				CLANG_WARN_SUSPICIOUS_MOVE = YES;
				CLANG_WARN_UNGUARDED_AVAILABILITY = YES_AGGRESSIVE;
				CLANG_WARN_UNREACHABLE_CODE = YES;
				CLANG_WARN__DUPLICATE_METHOD_MATCH = YES;
				COPY_PHASE_STRIP = NO;
				DEBUG_INFORMATION_FORMAT = dwarf;
				ENABLE_STRICT_OBJC_MSGSEND = YES;
				ENABLE_TESTABILITY = YES;
				GCC_C_LANGUAGE_STANDARD = gnu11;
				GCC_DYNAMIC_NO_PIC = NO;
				GCC_NO_COMMON_BLOCKS = YES;
				GCC_OPTIMIZATION_LEVEL = 0;
				GCC_PREPROCESSOR_DEFINITIONS = (
					"DEBUG=1",
					"$(inherited)",
				);
				GCC_WARN_64_TO_32_BIT_CONVERSION = YES;
				GCC_WARN_ABOUT_RETURN_TYPE = YES_ERROR;
				GCC_WARN_UNDECLARED_SELECTOR = YES;
				GCC_WARN_UNINITIALIZED_AUTOS = YES_AGGRESSIVE;
				GCC_WARN_UNUSED_FUNCTION = YES;
				GCC_WARN_UNUSED_VARIABLE = YES;
				IPHONEOS_DEPLOYMENT_TARGET = 13.0;
				MTL_ENABLE_DEBUG_INFO = INCLUDE_SOURCE;
				MTL_FAST_MATH = YES;
				ONLY_ACTIVE_ARCH = YES;
				SDKROOT = iphoneos;
				SWIFT_ACTIVE_COMPILATION_CONDITIONS = DEBUG;
				SWIFT_OPTIMIZATION_LEVEL = "-Onone";
			};
			name = Debug;
		};
		22A0555F26AB946D00338EF1 /* Release */ = {
			isa = XCBuildConfiguration;
			buildSettings = {
				ALWAYS_SEARCH_USER_PATHS = NO;
				CLANG_ANALYZER_NONNULL = YES;
				CLANG_ANALYZER_NUMBER_OBJECT_CONVERSION = YES_AGGRESSIVE;
				CLANG_CXX_LANGUAGE_STANDARD = "gnu++14";
				CLANG_CXX_LIBRARY = "libc++";
				CLANG_ENABLE_MODULES = YES;
				CLANG_ENABLE_OBJC_ARC = YES;
				CLANG_ENABLE_OBJC_WEAK = YES;
				CLANG_WARN_BLOCK_CAPTURE_AUTORELEASING = YES;
				CLANG_WARN_BOOL_CONVERSION = YES;
				CLANG_WARN_COMMA = YES;
				CLANG_WARN_CONSTANT_CONVERSION = YES;
				CLANG_WARN_DEPRECATED_OBJC_IMPLEMENTATIONS = YES;
				CLANG_WARN_DIRECT_OBJC_ISA_USAGE = YES_ERROR;
				CLANG_WARN_DOCUMENTATION_COMMENTS = YES;
				CLANG_WARN_EMPTY_BODY = YES;
				CLANG_WARN_ENUM_CONVERSION = YES;
				CLANG_WARN_INFINITE_RECURSION = YES;
				CLANG_WARN_INT_CONVERSION = YES;
				CLANG_WARN_NON_LITERAL_NULL_CONVERSION = YES;
				CLANG_WARN_OBJC_IMPLICIT_RETAIN_SELF = YES;
				CLANG_WARN_OBJC_LITERAL_CONVERSION = YES;
				CLANG_WARN_OBJC_ROOT_CLASS = YES_ERROR;
				CLANG_WARN_QUOTED_INCLUDE_IN_FRAMEWORK_HEADER = YES;
				CLANG_WARN_RANGE_LOOP_ANALYSIS = YES;
				CLANG_WARN_STRICT_PROTOTYPES = YES;
				CLANG_WARN_SUSPICIOUS_MOVE = YES;
				CLANG_WARN_UNGUARDED_AVAILABILITY = YES_AGGRESSIVE;
				CLANG_WARN_UNREACHABLE_CODE = YES;
				CLANG_WARN__DUPLICATE_METHOD_MATCH = YES;
				COPY_PHASE_STRIP = NO;
				DEBUG_INFORMATION_FORMAT = "dwarf-with-dsym";
				ENABLE_NS_ASSERTIONS = NO;
				ENABLE_STRICT_OBJC_MSGSEND = YES;
				GCC_C_LANGUAGE_STANDARD = gnu11;
				GCC_NO_COMMON_BLOCKS = YES;
				GCC_WARN_64_TO_32_BIT_CONVERSION = YES;
				GCC_WARN_ABOUT_RETURN_TYPE = YES_ERROR;
				GCC_WARN_UNDECLARED_SELECTOR = YES;
				GCC_WARN_UNINITIALIZED_AUTOS = YES_AGGRESSIVE;
				GCC_WARN_UNUSED_FUNCTION = YES;
				GCC_WARN_UNUSED_VARIABLE = YES;
				IPHONEOS_DEPLOYMENT_TARGET = 13.0;
				MTL_ENABLE_DEBUG_INFO = NO;
				MTL_FAST_MATH = YES;
				SDKROOT = iphoneos;
				SWIFT_COMPILATION_MODE = wholemodule;
				SWIFT_OPTIMIZATION_LEVEL = "-O";
				VALIDATE_PRODUCT = YES;
			};
			name = Release;
		};
		22A0556126AB946D00338EF1 /* Debug */ = {
			isa = XCBuildConfiguration;
			buildSettings = {
				ASSETCATALOG_COMPILER_APPICON_NAME = AppIcon;
				ASSETCATALOG_COMPILER_GLOBAL_ACCENT_COLOR_NAME = AccentColor;
				CODE_SIGN_STYLE = Automatic;
				FRAMEWORK_SEARCH_PATHS = (
					"$(inherited)",
					"$(PROJECT_DIR)/Carthage/Build/iOS",
				);
				INFOPLIST_FILE = PetApp/Info.plist;
				LD_RUNPATH_SEARCH_PATHS = (
					"$(inherited)",
					"@executable_path/Frameworks",
				);
				PRODUCT_BUNDLE_IDENTIFIER = codetoanbug.com.PetApp;
				PRODUCT_NAME = "$(TARGET_NAME)";
				SWIFT_VERSION = 5.0;
				TARGETED_DEVICE_FAMILY = "1,2";
			};
			name = Debug;
		};
		22A0556226AB946D00338EF1 /* Release */ = {
			isa = XCBuildConfiguration;
			buildSettings = {
				ASSETCATALOG_COMPILER_APPICON_NAME = AppIcon;
				ASSETCATALOG_COMPILER_GLOBAL_ACCENT_COLOR_NAME = AccentColor;
				CODE_SIGN_STYLE = Automatic;
				FRAMEWORK_SEARCH_PATHS = (
					"$(inherited)",
					"$(PROJECT_DIR)/Carthage/Build/iOS",
				);
				INFOPLIST_FILE = PetApp/Info.plist;
				LD_RUNPATH_SEARCH_PATHS = (
					"$(inherited)",
					"@executable_path/Frameworks",
				);
				PRODUCT_BUNDLE_IDENTIFIER = codetoanbug.com.PetApp;
				PRODUCT_NAME = "$(TARGET_NAME)";
				SWIFT_VERSION = 5.0;
				TARGETED_DEVICE_FAMILY = "1,2";
			};
			name = Release;
		};
		22A0556426AB946D00338EF1 /* Debug */ = {
			isa = XCBuildConfiguration;
			buildSettings = {
				ALWAYS_EMBED_SWIFT_STANDARD_LIBRARIES = YES;
				BUNDLE_LOADER = "$(TEST_HOST)";
				CODE_SIGN_STYLE = Automatic;
				INFOPLIST_FILE = PetAppTests/Info.plist;
				IPHONEOS_DEPLOYMENT_TARGET = 14.5;
				LD_RUNPATH_SEARCH_PATHS = (
					"$(inherited)",
					"@executable_path/Frameworks",
					"@loader_path/Frameworks",
				);
				PRODUCT_BUNDLE_IDENTIFIER = codetoanbug.com.PetAppTests;
				PRODUCT_NAME = "$(TARGET_NAME)";
				SWIFT_VERSION = 5.0;
				TARGETED_DEVICE_FAMILY = "1,2";
				TEST_HOST = "$(BUILT_PRODUCTS_DIR)/PetApp.app/PetApp";
			};
			name = Debug;
		};
		22A0556526AB946D00338EF1 /* Release */ = {
			isa = XCBuildConfiguration;
			buildSettings = {
				ALWAYS_EMBED_SWIFT_STANDARD_LIBRARIES = YES;
				BUNDLE_LOADER = "$(TEST_HOST)";
				CODE_SIGN_STYLE = Automatic;
				INFOPLIST_FILE = PetAppTests/Info.plist;
				IPHONEOS_DEPLOYMENT_TARGET = 14.5;
				LD_RUNPATH_SEARCH_PATHS = (
					"$(inherited)",
					"@executable_path/Frameworks",
					"@loader_path/Frameworks",
				);
				PRODUCT_BUNDLE_IDENTIFIER = codetoanbug.com.PetAppTests;
				PRODUCT_NAME = "$(TARGET_NAME)";
				SWIFT_VERSION = 5.0;
				TARGETED_DEVICE_FAMILY = "1,2";
				TEST_HOST = "$(BUILT_PRODUCTS_DIR)/PetApp.app/PetApp";
			};
			name = Release;
		};
		22A0556726AB946D00338EF1 /* Debug */ = {
			isa = XCBuildConfiguration;
			buildSettings = {
				ALWAYS_EMBED_SWIFT_STANDARD_LIBRARIES = YES;
				CODE_SIGN_STYLE = Automatic;
				INFOPLIST_FILE = PetAppUITests/Info.plist;
				LD_RUNPATH_SEARCH_PATHS = (
					"$(inherited)",
					"@executable_path/Frameworks",
					"@loader_path/Frameworks",
				);
				PRODUCT_BUNDLE_IDENTIFIER = codetoanbug.com.PetAppUITests;
				PRODUCT_NAME = "$(TARGET_NAME)";
				SWIFT_VERSION = 5.0;
				TARGETED_DEVICE_FAMILY = "1,2";
				TEST_TARGET_NAME = PetApp;
			};
			name = Debug;
		};
		22A0556826AB946D00338EF1 /* Release */ = {
			isa = XCBuildConfiguration;
			buildSettings = {
				ALWAYS_EMBED_SWIFT_STANDARD_LIBRARIES = YES;
				CODE_SIGN_STYLE = Automatic;
				INFOPLIST_FILE = PetAppUITests/Info.plist;
				LD_RUNPATH_SEARCH_PATHS = (
					"$(inherited)",
					"@executable_path/Frameworks",
					"@loader_path/Frameworks",
				);
				PRODUCT_BUNDLE_IDENTIFIER = codetoanbug.com.PetAppUITests;
				PRODUCT_NAME = "$(TARGET_NAME)";
				SWIFT_VERSION = 5.0;
				TARGETED_DEVICE_FAMILY = "1,2";
				TEST_TARGET_NAME = PetApp;
			};
			name = Release;
		};
/* End XCBuildConfiguration section */

/* Begin XCConfigurationList section */
		22A0553126AB946B00338EF1 /* Build configuration list for PBXProject "PetApp" */ = {
			isa = XCConfigurationList;
			buildConfigurations = (
				22A0555E26AB946D00338EF1 /* Debug */,
				22A0555F26AB946D00338EF1 /* Release */,
			);
			defaultConfigurationIsVisible = 0;
			defaultConfigurationName = Release;
		};
		22A0556026AB946D00338EF1 /* Build configuration list for PBXNativeTarget "PetApp" */ = {
			isa = XCConfigurationList;
			buildConfigurations = (
				22A0556126AB946D00338EF1 /* Debug */,
				22A0556226AB946D00338EF1 /* Release */,
			);
			defaultConfigurationIsVisible = 0;
			defaultConfigurationName = Release;
		};
		22A0556326AB946D00338EF1 /* Build configuration list for PBXNativeTarget "PetAppTests" */ = {
			isa = XCConfigurationList;
			buildConfigurations = (
				22A0556426AB946D00338EF1 /* Debug */,
				22A0556526AB946D00338EF1 /* Release */,
			);
			defaultConfigurationIsVisible = 0;
			defaultConfigurationName = Release;
		};
		22A0556626AB946D00338EF1 /* Build configuration list for PBXNativeTarget "PetAppUITests" */ = {
			isa = XCConfigurationList;
			buildConfigurations = (
				22A0556726AB946D00338EF1 /* Debug */,
				22A0556826AB946D00338EF1 /* Release */,
			);
			defaultConfigurationIsVisible = 0;
			defaultConfigurationName = Release;
		};
/* End XCConfigurationList section */
	};
	rootObject = 22A0552E26AB946B00338EF1 /* Project object */;
}
